
Microsoft Visual Studio Solution File, Format Version 12.00
# Visual Studio 14
VisualStudioVersion = 14.0.25420.1
MinimumVisualStudioVersion = 10.0.40219.1
Project("{8BB2217D-0F2D-49D1-97BC-3654ED321F3B}") = "ProjectTLCNShopCore", "ProjectTLCNShopCore\ProjectTLCNShopCore.xproj", "{E7B8EE43-14AB-4AF7-A3B9-BAC4B21F3AA3}"
EndProject
Global
	GlobalSection(SolutionConfigurationPlatforms) = preSolution
		Debug|Any CPU = Debug|Any CPU
		Release|Any CPU = Release|Any CPU
	EndGlobalSection
	GlobalSection(ProjectConfigurationPlatforms) = postSolution
		{E7B8EE43-14AB-4AF7-A3B9-BAC4B21F3AA3}.Debug|Any CPU.ActiveCfg = Debug|Any CPU
		{E7B8EE43-14AB-4AF7-A3B9-BAC4B21F3AA3}.Debug|Any CPU.Build.0 = Debug|Any CPU
		{E7B8EE43-14AB-4AF7-A3B9-BAC4B21F3AA3}.Release|Any CPU.ActiveCfg = Release|Any CPU
		{E7B8EE43-14AB-4AF7-A3B9-BAC4B21F3AA3}.Release|Any CPU.Build.0 = Release|Any CPU
	EndGlobalSection
	GlobalSection(SolutionProperties) = preSolution
		HideSolutionNode = FALSE
	EndGlobalSection
EndGlobal
